
Microsoft Visual Studio Solution File, Format Version 12.00
# Visual Studio Version 16
VisualStudioVersion = 16.0.29806.167
MinimumVisualStudioVersion = 10.0.40219.1
Project("{FAE04EC0-301F-11D3-BF4B-00C04F79EFBC}") = "Nesneleri Hareket Ettirme", "Nesneleri Hareket Ettirme\Nesneleri Hareket Ettirme.csproj", "{BA8E2019-6191-4AFB-A44F-240EB931F705}"
EndProject
Global
	GlobalSection(SolutionConfigurationPlatforms) = preSolution
		Debug|Any CPU = Debug|Any CPU
		Release|Any CPU = Release|Any CPU
	EndGlobalSection
	GlobalSection(ProjectConfigurationPlatforms) = postSolution
		{BA8E2019-6191-4AFB-A44F-240EB931F705}.Debug|Any CPU.ActiveCfg = Debug|Any CPU
		{BA8E2019-6191-4AFB-A44F-240EB931F705}.Debug|Any CPU.Build.0 = Debug|Any CPU
		{BA8E2019-6191-4AFB-A44F-240EB931F705}.Release|Any CPU.ActiveCfg = Release|Any CPU
		{BA8E2019-6191-4AFB-A44F-240EB931F705}.Release|Any CPU.Build.0 = Release|Any CPU
	EndGlobalSection
	GlobalSection(SolutionProperties) = preSolution
		HideSolutionNode = FALSE
	EndGlobalSection
	GlobalSection(ExtensibilityGlobals) = postSolution
		SolutionGuid = {C00145A9-0E3B-4568-9236-F290AFC420E7}
	EndGlobalSection
EndGlobal
